<?xml version="1.0" encoding="utf-8"?>
<Project ToolsVersion="4.0" xmlns="http://schemas.microsoft.com/developer/msbuild/2003">
  <ItemGroup>
    <Filter Include="Source Files">
      <UniqueIdentifier>{4FC737F1-C7A5-4376-A066-2A32D752A2FF}</UniqueIdentifier>
      <Extensions>cpp;c;cc;cxx;c++;cppm;ixx;def;odl;idl;hpj;bat;asm;asmx</Extensions>
    </Filter>
    <Filter Include="Resource Files">
      <UniqueIdentifier>{67DA6AB6-F800-4c08-8B7A-83BB121AAD01}</UniqueIdentifier>
      <Extensions>rc;ico;cur;bmp;dlg;rc2;rct;bin;rgs;gif;jpg;jpeg;jpe;resx;tiff;tif;png;wav;mfcribbon-ms</Extensions>
    </Filter>
  </ItemGroup>
  <ItemGroup>
    <ClCompile Include="main.cpp">
      <Filter>Source Files</Filter>
    </ClCompile>
    <ClCompile Include="PrimitivesCIFF.cpp">
      <Filter>Source Files</Filter>
    </ClCompile>
  </ItemGroup>
  <ItemGroup>
    <ClInclude Include="CmdArgs.h">
      <Filter>Source Files</Filter>
    </ClInclude>
    <ClInclude Include="CmdBar.h">
      <Filter>Source Files</Filter>
    </ClInclude>
    <ClInclude Include="CadCast.h">
      <Filter>Source Files</Filter>
    </ClInclude>
    <ClInclude Include="CmdTimer.h">
      <Filter>Source Files</Filter>
    </ClInclude>
    <ClInclude Include="Constants.h">
      <Filter>Source Files</Filter>
    </ClInclude>
    <ClInclude Include="Convert.h">
      <Filter>Source Files</Filter>
    </ClInclude>
    <ClInclude Include="ConvertAsync.h">
      <Filter>Source Files</Filter>
    </ClInclude>
    <ClInclude Include="ConversionOutput.h">
      <Filter>Source Files</Filter>
    </ClInclude>
    <ClInclude Include="ConvertCIFF.h">
      <Filter>Source Files</Filter>
    </ClInclude>
    <ClInclude Include="ConvertDAT.h">
      <Filter>Source Files</Filter>
    </ClInclude>
    <ClInclude Include="ConvertFBX.h">
      <Filter>Source Files</Filter>
    </ClInclude>
    <ClInclude Include="Convert3D.h">
      <Filter>Source Files</Filter>
    </ClInclude>
    <ClInclude Include="ConvertGLTF.h">
      <Filter>Source Files</Filter>
    </ClInclude>
    <ClInclude Include="ConvertJSON.h">
      <Filter>Source Files</Filter>
    </ClInclude>
    <ClInclude Include="ConvertOBJ.h">
      <Filter>Source Files</Filter>
    </ClInclude>
    <ClInclude Include="ConvertRVM.h">
      <Filter>Source Files</Filter>
    </ClInclude>
    <ClInclude Include="ConvertNWD.h">
      <Filter>Source Files</Filter>
    </ClInclude>
    <ClInclude Include="ConvertTXT.h">
      <Filter>Source Files</Filter>
    </ClInclude>
    <ClInclude Include="FileType.h">
      <Filter>Source Files</Filter>
    </ClInclude>
    <ClInclude Include="MeshNormals.h">
      <Filter>Source Files</Filter>
    </ClInclude>
    <ClInclude Include="PrimitiveInstanceCIFF.h">
      <Filter>Source Files</Filter>
    </ClInclude>
    <ClInclude Include="PrimitiveStatsCIFF.h">
      <Filter>Source Files</Filter>
    </ClInclude>
    <ClInclude Include="PrimitivesCIFF.h">
      <Filter>Source Files</Filter>
    </ClInclude>
    <ClInclude Include="PrimitivesRVM.h">
      <Filter>Source Files</Filter>
    </ClInclude>
    <ClInclude Include="ProcessCIFF.h">
      <Filter>Source Files</Filter>
    </ClInclude>
    <ClInclude Include="ShapeCIFF.h">
      <Filter>Source Files</Filter>
    </ClInclude>
    <ClInclude Include="TessCIFF.h">
      <Filter>Source Files</Filter>
    </ClInclude>
    <ClInclude Include="ReadCIFF.h">
      <Filter>Source Files</Filter>
    </ClInclude>
    <ClInclude Include="StreamCIFF.h">
      <Filter>Source Files</Filter>
    </ClInclude>
    <ClInclude Include="StreamFile.h">
      <Filter>Source Files</Filter>
    </ClInclude>
    <ClInclude Include="Util.h">
      <Filter>Source Files</Filter>
    </ClInclude>
    <ClInclude Include="WriteBuffer.h">
      <Filter>Source Files</Filter>
    </ClInclude>
    <ClInclude Include="Zlib.h">
      <Filter>Source Files</Filter>
    </ClInclude>
    <ClInclude Include="BlowfishNWD.h">
      <Filter>Source Files</Filter>
    </ClInclude>
    <ClInclude Include="WriteNWD.h">
      <Filter>Source Files</Filter>
    </ClInclude>
    <ClInclude Include="WriteStatistics.h">
      <Filter>Source Files</Filter>
    </ClInclude>
  </ItemGroup>
</Project>
